version = 1
revision = 3
requires-python = ">=3.13"

[[package]]
name = "abstractcp"
version = "1.0.0"
source = { registry = "https://pypi.org/simple" }
sdist = { url = "https://files.pythonhosted.org/packages/8d/1e/e6d512cb6550a364747fefa3acc9285a31463eb0158d3b78a5cff71549da/abstractcp-1.0.0.tar.gz", hash = "sha256:a7f7dcd54cdb17c3c9b0e3a31b2ec3848b5f932d387d72c09ac5abad7501c559", size = 8198, upload-time = "2024-05-20T07:59:38.392Z" }
wheels = [
    { url = "https://files.pythonhosted.org/packages/53/36/d5690fad4b253054da94522e8e9722d9a9a451bc086b44205033a8a032d0/abstractcp-1.0.0-py3-none-any.whl", hash = "sha256:24fce39c06c8d815202600c7cd6409f10857864caca540ec595088bddc862187", size = 7304, upload-time = "2024-05-20T07:59:36.814Z" },
]

[[package]]
name = "mypy"
version = "1.18.2"
source = { registry = "https://pypi.org/simple" }
dependencies = [
    { name = "mypy-extensions" },
    { name = "pathspec" },
    { name = "typing-extensions" },
]
sdist = { url = "https://files.pythonhosted.org/packages/c0/77/8f0d0001ffad290cef2f7f216f96c814866248a0b92a722365ed54648e7e/mypy-1.18.2.tar.gz", hash = "sha256:06a398102a5f203d7477b2923dda3634c36727fa5c237d8f859ef90c42a9924b", size = 3448846, upload-time = "2025-09-19T00:11:10.519Z" }
wheels = [
    { url = "https://files.pythonhosted.org/packages/5f/04/7f462e6fbba87a72bc8097b93f6842499c428a6ff0c81dd46948d175afe8/mypy-1.18.2-cp313-cp313-macosx_10_13_x86_64.whl", hash = "sha256:07b8b0f580ca6d289e69209ec9d3911b4a26e5abfde32228a288eb79df129fcc", size = 12898728, upload-time = "2025-09-19T00:10:01.33Z" },
    { url = "https://files.pythonhosted.org/packages/99/5b/61ed4efb64f1871b41fd0b82d29a64640f3516078f6c7905b68ab1ad8b13/mypy-1.18.2-cp313-cp313-macosx_11_0_arm64.whl", hash = "sha256:ed4482847168439651d3feee5833ccedbf6657e964572706a2adb1f7fa4dfe2e", size = 11910758, upload-time = "2025-09-19T00:10:42.607Z" },
    { url = "https://files.pythonhosted.org/packages/3c/46/d297d4b683cc89a6e4108c4250a6a6b717f5fa96e1a30a7944a6da44da35/mypy-1.18.2-cp313-cp313-manylinux2014_aarch64.manylinux_2_17_aarch64.manylinux_2_28_aarch64.whl", hash = "sha256:c3ad2afadd1e9fea5cf99a45a822346971ede8685cc581ed9cd4d42eaf940986", size = 12475342, upload-time = "2025-09-19T00:11:00.371Z" },
    { url = "https://files.pythonhosted.org/packages/83/45/4798f4d00df13eae3bfdf726c9244bcb495ab5bd588c0eed93a2f2dd67f3/mypy-1.18.2-cp313-cp313-manylinux2014_x86_64.manylinux_2_17_x86_64.manylinux_2_28_x86_64.whl", hash = "sha256:a431a6f1ef14cf8c144c6b14793a23ec4eae3db28277c358136e79d7d062f62d", size = 13338709, upload-time = "2025-09-19T00:11:03.358Z" },
    { url = "https://files.pythonhosted.org/packages/d7/09/479f7358d9625172521a87a9271ddd2441e1dab16a09708f056e97007207/mypy-1.18.2-cp313-cp313-musllinux_1_2_x86_64.whl", hash = "sha256:7ab28cc197f1dd77a67e1c6f35cd1f8e8b73ed2217e4fc005f9e6a504e46e7ba", size = 13529806, upload-time = "2025-09-19T00:10:26.073Z" },
    { url = "https://files.pythonhosted.org/packages/71/cf/ac0f2c7e9d0ea3c75cd99dff7aec1c9df4a1376537cb90e4c882267ee7e9/mypy-1.18.2-cp313-cp313-win_amd64.whl", hash = "sha256:0e2785a84b34a72ba55fb5daf079a1003a34c05b22238da94fcae2bbe46f3544", size = 9833262, upload-time = "2025-09-19T00:10:40.035Z" },
    { url = "https://files.pythonhosted.org/packages/5a/0c/7d5300883da16f0063ae53996358758b2a2df2a09c72a5061fa79a1f5006/mypy-1.18.2-cp314-cp314-macosx_10_13_x86_64.whl", hash = "sha256:62f0e1e988ad41c2a110edde6c398383a889d95b36b3e60bcf155f5164c4fdce", size = 12893775, upload-time = "2025-09-19T00:10:03.814Z" },
    { url = "https://files.pythonhosted.org/packages/50/df/2cffbf25737bdb236f60c973edf62e3e7b4ee1c25b6878629e88e2cde967/mypy-1.18.2-cp314-cp314-macosx_11_0_arm64.whl", hash = "sha256:8795a039bab805ff0c1dfdb8cd3344642c2b99b8e439d057aba30850b8d3423d", size = 11936852, upload-time = "2025-09-19T00:10:51.631Z" },
    { url = "https://files.pythonhosted.org/packages/be/50/34059de13dd269227fb4a03be1faee6e2a4b04a2051c82ac0a0b5a773c9a/mypy-1.18.2-cp314-cp314-manylinux2014_aarch64.manylinux_2_17_aarch64.manylinux_2_28_aarch64.whl", hash = "sha256:6ca1e64b24a700ab5ce10133f7ccd956a04715463d30498e64ea8715236f9c9c", size = 12480242, upload-time = "2025-09-19T00:11:07.955Z" },
    { url = "https://files.pythonhosted.org/packages/5b/11/040983fad5132d85914c874a2836252bbc57832065548885b5bb5b0d4359/mypy-1.18.2-cp314-cp314-manylinux2014_x86_64.manylinux_2_17_x86_64.manylinux_2_28_x86_64.whl", hash = "sha256:d924eef3795cc89fecf6bedc6ed32b33ac13e8321344f6ddbf8ee89f706c05cb", size = 13326683, upload-time = "2025-09-19T00:09:55.572Z" },
    { url = "https://files.pythonhosted.org/packages/e9/ba/89b2901dd77414dd7a8c8729985832a5735053be15b744c18e4586e506ef/mypy-1.18.2-cp314-cp314-musllinux_1_2_x86_64.whl", hash = "sha256:20c02215a080e3a2be3aa50506c67242df1c151eaba0dcbc1e4e557922a26075", size = 13514749, upload-time = "2025-09-19T00:10:44.827Z" },
    { url = "https://files.pythonhosted.org/packages/25/bc/cc98767cffd6b2928ba680f3e5bc969c4152bf7c2d83f92f5a504b92b0eb/mypy-1.18.2-cp314-cp314-win_amd64.whl", hash = "sha256:749b5f83198f1ca64345603118a6f01a4e99ad4bf9d103ddc5a3200cc4614adf", size = 9982959, upload-time = "2025-09-19T00:10:37.344Z" },
    { url = "https://files.pythonhosted.org/packages/87/e3/be76d87158ebafa0309946c4a73831974d4d6ab4f4ef40c3b53a385a66fd/mypy-1.18.2-py3-none-any.whl", hash = "sha256:22a1748707dd62b58d2ae53562ffc4d7f8bcc727e8ac7cbc69c053ddc874d47e", size = 2352367, upload-time = "2025-09-19T00:10:15.489Z" },
]

[[package]]
name = "mypy-extensions"
version = "1.0.0"
source = { registry = "https://pypi.org/simple" }
sdist = { url = "https://files.pythonhosted.org/packages/98/a4/1ab47638b92648243faf97a5aeb6ea83059cc3624972ab6b8d2316078d3f/mypy_extensions-1.0.0.tar.gz", hash = "sha256:75dbf8955dc00442a438fc4d0666508a9a97b6bd41aa2f0ffe9d2f2725af0782", size = 4433, upload-time = "2023-02-04T12:11:27.157Z" }
wheels = [
    { url = "https://files.pythonhosted.org/packages/2a/e2/5d3f6ada4297caebe1a2add3b126fe800c96f56dbe5d1988a2cbe0b267aa/mypy_extensions-1.0.0-py3-none-any.whl", hash = "sha256:4392f6c0eb8a5668a69e23d168ffa70f0be9ccfd32b5cc2d26a34ae5b844552d", size = 4695, upload-time = "2023-02-04T12:11:25.002Z" },
]

[[package]]
name = "pathspec"
version = "0.12.1"
source = { registry = "https://pypi.org/simple" }
sdist = { url = "https://files.pythonhosted.org/packages/ca/bc/f35b8446f4531a7cb215605d100cd88b7ac6f44ab3fc94870c120ab3adbf/pathspec-0.12.1.tar.gz", hash = "sha256:a482d51503a1ab33b1c67a6c3813a26953dbdc71c31dacaef9a838c4e29f5712", size = 51043, upload-time = "2023-12-10T22:30:45Z" }
wheels = [
    { url = "https://files.pythonhosted.org/packages/cc/20/ff623b09d963f88bfde16306a54e12ee5ea43e9b597108672ff3a408aad6/pathspec-0.12.1-py3-none-any.whl", hash = "sha256:a0d503e138a4c123b27490a4f7beda6a01c6f288df0e4a8b79c7eb0dc7b4cc08", size = 31191, upload-time = "2023-12-10T22:30:43.14Z" },
]

[[package]]
name = "pypockethome"
version = "0.1.0"
source = { editable = "." }
dependencies = [
    { name = "abstractcp" },
]

[package.dev-dependencies]
dev = [
    { name = "mypy" },
    { name = "ruff" },
    { name = "ty" },
]

[package.metadata]
requires-dist = [{ name = "abstractcp", specifier = "==1.0.0" }]

[package.metadata.requires-dev]
dev = [
    { name = "mypy", specifier = "~=1.18.2" },
    { name = "ruff", specifier = "==0.14.9" },
    { name = "ty", specifier = "==0.0.2" },
]

[[package]]
name = "ruff"
version = "0.14.9"
source = { registry = "https://pypi.org/simple" }
sdist = { url = "https://files.pythonhosted.org/packages/f6/1b/ab712a9d5044435be8e9a2beb17cbfa4c241aa9b5e4413febac2a8b79ef2/ruff-0.14.9.tar.gz", hash = "sha256:35f85b25dd586381c0cc053f48826109384c81c00ad7ef1bd977bfcc28119d5b", size = 5809165, upload-time = "2025-12-11T21:39:47.381Z" }
wheels = [
    { url = "https://files.pythonhosted.org/packages/b8/1c/d1b1bba22cffec02351c78ab9ed4f7d7391876e12720298448b29b7229c1/ruff-0.14.9-py3-none-linux_armv6l.whl", hash = "sha256:f1ec5de1ce150ca6e43691f4a9ef5c04574ad9ca35c8b3b0e18877314aba7e75", size = 13576541, upload-time = "2025-12-11T21:39:14.806Z" },
    { url = "https://files.pythonhosted.org/packages/94/ab/ffe580e6ea1fca67f6337b0af59fc7e683344a43642d2d55d251ff83ceae/ruff-0.14.9-py3-none-macosx_10_12_x86_64.whl", hash = "sha256:ed9d7417a299fc6030b4f26333bf1117ed82a61ea91238558c0268c14e00d0c2", size = 13779363, upload-time = "2025-12-11T21:39:20.29Z" },
    { url = "https://files.pythonhosted.org/packages/7d/f8/2be49047f929d6965401855461e697ab185e1a6a683d914c5c19c7962d9e/ruff-0.14.9-py3-none-macosx_11_0_arm64.whl", hash = "sha256:d5dc3473c3f0e4a1008d0ef1d75cee24a48e254c8bed3a7afdd2b4392657ed2c", size = 12925292, upload-time = "2025-12-11T21:39:38.757Z" },
    { url = "https://files.pythonhosted.org/packages/9e/e9/08840ff5127916bb989c86f18924fd568938b06f58b60e206176f327c0fe/ruff-0.14.9-py3-none-manylinux_2_17_aarch64.manylinux2014_aarch64.whl", hash = "sha256:84bf7c698fc8f3cb8278830fb6b5a47f9bcc1ed8cb4f689b9dd02698fa840697", size = 13362894, upload-time = "2025-12-11T21:39:02.524Z" },
    { url = "https://files.pythonhosted.org/packages/31/1c/5b4e8e7750613ef43390bb58658eaf1d862c0cc3352d139cd718a2cea164/ruff-0.14.9-py3-none-manylinux_2_17_armv7l.manylinux2014_armv7l.whl", hash = "sha256:aa733093d1f9d88a5d98988d8834ef5d6f9828d03743bf5e338bf980a19fce27", size = 13311482, upload-time = "2025-12-11T21:39:17.51Z" },
    { url = "https://files.pythonhosted.org/packages/5b/3a/459dce7a8cb35ba1ea3e9c88f19077667a7977234f3b5ab197fad240b404/ruff-0.14.9-py3-none-manylinux_2_17_i686.manylinux2014_i686.whl", hash = "sha256:6a1cfb04eda979b20c8c19550c8b5f498df64ff8da151283311ce3199e8b3648", size = 14016100, upload-time = "2025-12-11T21:39:41.948Z" },
    { url = "https://files.pythonhosted.org/packages/a6/31/f064f4ec32524f9956a0890fc6a944e5cf06c63c554e39957d208c0ffc45/ruff-0.14.9-py3-none-manylinux_2_17_ppc64.manylinux2014_ppc64.whl", hash = "sha256:1e5cb521e5ccf0008bd74d5595a4580313844a42b9103b7388eca5a12c970743", size = 15477729, upload-time = "2025-12-11T21:39:23.279Z" },
    { url = "https://files.pythonhosted.org/packages/7a/6d/f364252aad36ccd443494bc5f02e41bf677f964b58902a17c0b16c53d890/ruff-0.14.9-py3-none-manylinux_2_17_ppc64le.manylinux2014_ppc64le.whl", hash = "sha256:cd429a8926be6bba4befa8cdcf3f4dd2591c413ea5066b1e99155ed245ae42bb", size = 15122386, upload-time = "2025-12-11T21:39:33.125Z" },
    { url = "https://files.pythonhosted.org/packages/20/02/e848787912d16209aba2799a4d5a1775660b6a3d0ab3944a4ccc13e64a02/ruff-0.14.9-py3-none-manylinux_2_17_s390x.manylinux2014_s390x.whl", hash = "sha256:ab208c1b7a492e37caeaf290b1378148f75e13c2225af5d44628b95fd7834273", size = 14497124, upload-time = "2025-12-11T21:38:59.33Z" },
    { url = "https://files.pythonhosted.org/packages/f3/51/0489a6a5595b7760b5dbac0dd82852b510326e7d88d51dbffcd2e07e3ff3/ruff-0.14.9-py3-none-manylinux_2_17_x86_64.manylinux2014_x86_64.whl", hash = "sha256:72034534e5b11e8a593f517b2f2f2b273eb68a30978c6a2d40473ad0aaa4cb4a", size = 14195343, upload-time = "2025-12-11T21:39:44.866Z" },
    { url = "https://files.pythonhosted.org/packages/f6/53/3bb8d2fa73e4c2f80acc65213ee0830fa0c49c6479313f7a68a00f39e208/ruff-0.14.9-py3-none-manylinux_2_31_riscv64.whl", hash = "sha256:712ff04f44663f1b90a1195f51525836e3413c8a773574a7b7775554269c30ed", size = 14346425, upload-time = "2025-12-11T21:39:05.927Z" },
    { url = "https://files.pythonhosted.org/packages/ad/04/bdb1d0ab876372da3e983896481760867fc84f969c5c09d428e8f01b557f/ruff-0.14.9-py3-none-musllinux_1_2_aarch64.whl", hash = "sha256:a111fee1db6f1d5d5810245295527cda1d367c5aa8f42e0fca9a78ede9b4498b", size = 13258768, upload-time = "2025-12-11T21:39:08.691Z" },
    { url = "https://files.pythonhosted.org/packages/40/d9/8bf8e1e41a311afd2abc8ad12be1b6c6c8b925506d9069b67bb5e9a04af3/ruff-0.14.9-py3-none-musllinux_1_2_armv7l.whl", hash = "sha256:8769efc71558fecc25eb295ddec7d1030d41a51e9dcf127cbd63ec517f22d567", size = 13326939, upload-time = "2025-12-11T21:39:53.842Z" },
    { url = "https://files.pythonhosted.org/packages/f4/56/a213fa9edb6dd849f1cfbc236206ead10913693c72a67fb7ddc1833bf95d/ruff-0.14.9-py3-none-musllinux_1_2_i686.whl", hash = "sha256:347e3bf16197e8a2de17940cd75fd6491e25c0aa7edf7d61aa03f146a1aa885a", size = 13578888, upload-time = "2025-12-11T21:39:35.988Z" },
    { url = "https://files.pythonhosted.org/packages/33/09/6a4a67ffa4abae6bf44c972a4521337ffce9cbc7808faadede754ef7a79c/ruff-0.14.9-py3-none-musllinux_1_2_x86_64.whl", hash = "sha256:7715d14e5bccf5b660f54516558aa94781d3eb0838f8e706fb60e3ff6eff03a8", size = 14314473, upload-time = "2025-12-11T21:39:50.78Z" },
    { url = "https://files.pythonhosted.org/packages/12/0d/15cc82da5d83f27a3c6b04f3a232d61bc8c50d38a6cd8da79228e5f8b8d6/ruff-0.14.9-py3-none-win32.whl", hash = "sha256:df0937f30aaabe83da172adaf8937003ff28172f59ca9f17883b4213783df197", size = 13202651, upload-time = "2025-12-11T21:39:26.628Z" },
    { url = "https://files.pythonhosted.org/packages/32/f7/c78b060388eefe0304d9d42e68fab8cffd049128ec466456cef9b8d4f06f/ruff-0.14.9-py3-none-win_amd64.whl", hash = "sha256:c0b53a10e61df15a42ed711ec0bda0c582039cf6c754c49c020084c55b5b0bc2", size = 14702079, upload-time = "2025-12-11T21:39:11.954Z" },
    { url = "https://files.pythonhosted.org/packages/26/09/7a9520315decd2334afa65ed258fed438f070e31f05a2e43dd480a5e5911/ruff-0.14.9-py3-none-win_arm64.whl", hash = "sha256:8e821c366517a074046d92f0e9213ed1c13dbc5b37a7fc20b07f79b64d62cc84", size = 13744730, upload-time = "2025-12-11T21:39:29.659Z" },
]

[[package]]
name = "ty"
version = "0.0.2"
source = { registry = "https://pypi.org/simple" }
sdist = { url = "https://files.pythonhosted.org/packages/47/e5/15b6aceefcd64b53997fe2002b6fa055f0b1afd23ff6fc3f55f3da944530/ty-0.0.2.tar.gz", hash = "sha256:e02dc50b65dc58d6cb8e8b0d563833f81bf03ed8a7d0b15c6396d486489a7e1d", size = 4762024, upload-time = "2025-12-16T20:13:41.07Z" }
wheels = [
    { url = "https://files.pythonhosted.org/packages/6b/86/65d4826677d966cf226662767a4a597ebb4b02c432f413673c8d5d3d1ce8/ty-0.0.2-py3-none-linux_armv6l.whl", hash = "sha256:0954a0e0b6f7e06229dd1da3a9989ee9b881a26047139a88eb7c134c585ad22e", size = 9771409, upload-time = "2025-12-16T20:13:28.964Z" },
    { url = "https://files.pythonhosted.org/packages/d4/bc/6ab06b7c109cec608c24ea182cc8b4714e746a132f70149b759817092665/ty-0.0.2-py3-none-macosx_10_12_x86_64.whl", hash = "sha256:d6044b491d66933547033cecc87cb7eb599ba026a3ef347285add6b21107a648", size = 9580025, upload-time = "2025-12-16T20:13:34.507Z" },
    { url = "https://files.pythonhosted.org/packages/54/de/d826804e304b2430f17bb27ae15bcf02380e7f67f38b5033047e3d2523e6/ty-0.0.2-py3-none-macosx_11_0_arm64.whl", hash = "sha256:fbca7f08e671a35229f6f400d73da92e2dc0a440fba53a74fe8233079a504358", size = 9098660, upload-time = "2025-12-16T20:13:01.278Z" },
    { url = "https://files.pythonhosted.org/packages/b7/8e/5cd87944ceee02bb0826f19ced54e30c6bb971e985a22768f6be6b1a042f/ty-0.0.2-py3-none-manylinux_2_17_aarch64.manylinux2014_aarch64.whl", hash = "sha256:3abd61153dac0b93b284d305e6f96085013a25c3a7ab44e988d24f0a5fcce729", size = 9567693, upload-time = "2025-12-16T20:13:12.559Z" },
    { url = "https://files.pythonhosted.org/packages/c6/b1/062aab2c62c5ae01c05d27b97ba022d9ff66f14a3cb9030c5ad1dca797ec/ty-0.0.2-py3-none-manylinux_2_17_armv7l.manylinux2014_armv7l.whl", hash = "sha256:21a9f28caafb5742e7d594104e2fe2ebd64590da31aed4745ae8bc5be67a7b85", size = 9556471, upload-time = "2025-12-16T20:13:07.771Z" },
    { url = "https://files.pythonhosted.org/packages/0e/07/856f6647a9dd6e36560d182d35d3b5fb21eae98a8bfb516cd879d0e509f3/ty-0.0.2-py3-none-manylinux_2_17_i686.manylinux2014_i686.whl", hash = "sha256:d3ec63fd23ab48e0f838fb54a47ec362a972ee80979169a7edfa6f5c5034849d", size = 9971914, upload-time = "2025-12-16T20:13:18.852Z" },
    { url = "https://files.pythonhosted.org/packages/2e/82/c2e3957dbf33a23f793a9239cfd8bd04b6defd999bd0f6e74d6a5afb9f42/ty-0.0.2-py3-none-manylinux_2_17_ppc64.manylinux2014_ppc64.whl", hash = "sha256:e5e2e0293a259c9a53f668c9c13153cc2f1403cb0fe2b886ca054be4ac76517c", size = 10840905, upload-time = "2025-12-16T20:13:37.098Z" },
    { url = "https://files.pythonhosted.org/packages/3b/17/49bd74e3d577e6c88b8074581b7382f532a9d40552cc7c48ceaa83f1d950/ty-0.0.2-py3-none-manylinux_2_17_ppc64le.manylinux2014_ppc64le.whl", hash = "sha256:fd2511ac02a83d0dc45d4570c7e21ec0c919be7a7263bad9914800d0cde47817", size = 10570251, upload-time = "2025-12-16T20:13:10.319Z" },
    { url = "https://files.pythonhosted.org/packages/2b/9b/26741834069722033a1a0963fcbb63ea45925c6697357e64e361753c6166/ty-0.0.2-py3-none-manylinux_2_17_s390x.manylinux2014_s390x.whl", hash = "sha256:c482bfbfb8ad18b2e62427d02a0c934ac510c414188a3cf00e16b8acc35482f0", size = 10369078, upload-time = "2025-12-16T20:13:20.851Z" },
    { url = "https://files.pythonhosted.org/packages/94/fc/1d34ec891900d9337169ff9f8252fcaa633ae5c4d36b67effd849ed4f9ac/ty-0.0.2-py3-none-manylinux_2_17_x86_64.manylinux2014_x86_64.whl", hash = "sha256:eb514711eed3f56d7a130d4885f4b5d8e490fdcd2adac098e5cf175573a0dda3", size = 10121064, upload-time = "2025-12-16T20:13:23.095Z" },
    { url = "https://files.pythonhosted.org/packages/e5/02/e640325956172355ef8deb9b08d991f229230bf9d07f1dbda8c6665a3a43/ty-0.0.2-py3-none-musllinux_1_2_aarch64.whl", hash = "sha256:b2c37fa26c39e9fbed7c73645ba721968ab44f28b2bfe2f79a4e15965a1c426f", size = 9553817, upload-time = "2025-12-16T20:13:27.057Z" },
    { url = "https://files.pythonhosted.org/packages/35/13/c93d579ece84895da9b0aae5d34d84100bbff63ad9f60c906a533a087175/ty-0.0.2-py3-none-musllinux_1_2_armv7l.whl", hash = "sha256:13b264833ac5f3b214693fca38e380e78ee7327e09beaa5ff2e47d75fcab9692", size = 9577512, upload-time = "2025-12-16T20:13:16.956Z" },
    { url = "https://files.pythonhosted.org/packages/85/53/93ab1570adc799cd9120ea187d5b4c00d821e86eca069943b179fe0d3e83/ty-0.0.2-py3-none-musllinux_1_2_i686.whl", hash = "sha256:08658d6dbbf8bdef80c0a77eda56a22ab6737002ba129301b7bbd36bcb7acd75", size = 9692726, upload-time = "2025-12-16T20:13:31.169Z" },
    { url = "https://files.pythonhosted.org/packages/9a/07/5fff5335858a14196776207d231c32e23e48a5c912a7d52c80e7a3fa6f8f/ty-0.0.2-py3-none-musllinux_1_2_x86_64.whl", hash = "sha256:4a21b5b012061cb13d47edfff6be70052694308dba633b4c819b70f840e6c158", size = 10213996, upload-time = "2025-12-16T20:13:14.606Z" },
    { url = "https://files.pythonhosted.org/packages/a0/d3/896b1439ab765c57a8d732f73c105ec41142c417a582600638385c2bee85/ty-0.0.2-py3-none-win32.whl", hash = "sha256:d773fdad5d2b30f26313204e6b191cdd2f41ab440a6c241fdb444f8c6593c288", size = 9204906, upload-time = "2025-12-16T20:13:25.099Z" },
    { url = "https://files.pythonhosted.org/packages/5d/0a/f30981e7d637f78e3d08e77d63b818752d23db1bc4b66f9e82e2cb3d34f8/ty-0.0.2-py3-none-win_amd64.whl", hash = "sha256:d1c9ac78a8aa60d0ce89acdccf56c3cc0fcb2de07f1ecf313754d83518e8e8c5", size = 10066640, upload-time = "2025-12-16T20:13:04.045Z" },
    { url = "https://files.pythonhosted.org/packages/5a/c4/97958503cf62bfb7908d2a77b03b91a20499a7ff405f5a098c4989589f34/ty-0.0.2-py3-none-win_arm64.whl", hash = "sha256:fbdef644ade0cd4420c4ec14b604b7894cefe77bfd8659686ac2f6aba9d1a306", size = 9572022, upload-time = "2025-12-16T20:13:39.189Z" },
]

[[package]]
name = "typing-extensions"
version = "4.12.2"
source = { registry = "https://pypi.org/simple" }
sdist = { url = "https://files.pythonhosted.org/packages/df/db/f35a00659bc03fec321ba8bce9420de607a1d37f8342eee1863174c69557/typing_extensions-4.12.2.tar.gz", hash = "sha256:1a7ead55c7e559dd4dee8856e3a88b41225abfe1ce8df57b7c13915fe121ffb8", size = 85321, upload-time = "2024-06-07T18:52:15.995Z" }
wheels = [
    { url = "https://files.pythonhosted.org/packages/26/9f/ad63fc0248c5379346306f8668cda6e2e2e9c95e01216d2b8ffd9ff037d0/typing_extensions-4.12.2-py3-none-any.whl", hash = "sha256:04e5ca0351e0f3f85c6853954072df659d0d13fac324d0072316b67d7794700d", size = 37438, upload-time = "2024-06-07T18:52:13.582Z" },
]
